// !$*UTF8*$!
{
	archiveVersion = 1;
	classes = {
	};
	objectVersion = 46;
	objects = {

/* Begin PBXBuildFile section */
		8243ABC61D259F7800FC1EAB /* main.m in Sources */ = {isa = PBXBuildFile; fileRef = 8243ABC51D259F7800FC1EAB /* main.m */; };
		8243ABC91D259F7800FC1EAB /* AppDelegate.m in Sources */ = {isa = PBXBuildFile; fileRef = 8243ABC81D259F7800FC1EAB /* AppDelegate.m */; };
		8243ABCC1D259F7800FC1EAB /* ViewController.m in Sources */ = {isa = PBXBuildFile; fileRef = 8243ABCB1D259F7800FC1EAB /* ViewController.m */; };
		8243ABCF1D259F7800FC1EAB /* Main.storyboard in Resources */ = {isa = PBXBuildFile; fileRef = 8243ABCD1D259F7800FC1EAB /* Main.storyboard */; };
		8243ABD21D259F7800FC1EAB /* AGS_Gov_To_People.xcdatamodeld in Sources */ = {isa = PBXBuildFile; fileRef = 8243ABD01D259F7800FC1EAB /* AGS_Gov_To_People.xcdatamodeld */; };
		8243ABD41D259F7800FC1EAB /* Assets.xcassets in Resources */ = {isa = PBXBuildFile; fileRef = 8243ABD31D259F7800FC1EAB /* Assets.xcassets */; };
		8243ABD71D259F7800FC1EAB /* LaunchScreen.storyboard in Resources */ = {isa = PBXBuildFile; fileRef = 8243ABD51D259F7800FC1EAB /* LaunchScreen.storyboard */; };
		8243ABE21D259F7800FC1EAB /* AGS_Gov_To_PeopleUITests.m in Sources */ = {isa = PBXBuildFile; fileRef = 8243ABE11D259F7800FC1EAB /* AGS_Gov_To_PeopleUITests.m */; };
/* End PBXBuildFile section */

/* Begin PBXContainerItemProxy section */
		8243ABDE1D259F7800FC1EAB /* PBXContainerItemProxy */ = {
			isa = PBXContainerItemProxy;
			containerPortal = 8243ABB91D259F7800FC1EAB /* Project object */;
			proxyType = 1;
			remoteGlobalIDString = 8243ABC01D259F7800FC1EAB;
			remoteInfo = "AGS Gov To People";
		};
/* End PBXContainerItemProxy section */

/* Begin PBXFileReference section */
		8243ABC11D259F7800FC1EAB /* AGS Gov To People.app */ = {isa = PBXFileReference; explicitFileType = wrapper.application; includeInIndex = 0; path = "AGS Gov To People.app"; sourceTree = BUILT_PRODUCTS_DIR; };
		8243ABC51D259F7800FC1EAB /* main.m */ = {isa = PBXFileReference; lastKnownFileType = sourcecode.c.objc; path = main.m; sourceTree = "<group>"; };
		8243ABC71D259F7800FC1EAB /* AppDelegate.h */ = {isa = PBXFileReference; lastKnownFileType = sourcecode.c.h; path = AppDelegate.h; sourceTree = "<group>"; };
		8243ABC81D259F7800FC1EAB /* AppDelegate.m */ = {isa = PBXFileReference; lastKnownFileType = sourcecode.c.objc; path = AppDelegate.m; sourceTree = "<group>"; };
		8243ABCA1D259F7800FC1EAB /* ViewController.h */ = {isa = PBXFileReference; lastKnownFileType = sourcecode.c.h; path = ViewController.h; sourceTree = "<group>"; };
		8243ABCB1D259F7800FC1EAB /* ViewController.m */ = {isa = PBXFileReference; lastKnownFileType = sourcecode.c.objc; path = ViewController.m; sourceTree = "<group>"; };
		8243ABCE1D259F7800FC1EAB /* Base */ = {isa = PBXFileReference; lastKnownFileType = file.storyboard; name = Base; path = Base.lproj/Main.storyboard; sourceTree = "<group>"; };
		8243ABD11D259F7800FC1EAB /* AGS_Gov_To_People.xcdatamodel */ = {isa = PBXFileReference; lastKnownFileType = wrapper.xcdatamodel; path = AGS_Gov_To_People.xcdatamodel; sourceTree = "<group>"; };
		8243ABD31D259F7800FC1EAB /* Assets.xcassets */ = {isa = PBXFileReference; lastKnownFileType = folder.assetcatalog; path = Assets.xcassets; sourceTree = "<group>"; };
		8243ABD61D259F7800FC1EAB /* Base */ = {isa = PBXFileReference; lastKnownFileType = file.storyboard; name = Base; path = Base.lproj/LaunchScreen.storyboard; sourceTree = "<group>"; };
		8243ABD81D259F7800FC1EAB /* Info.plist */ = {isa = PBXFileReference; lastKnownFileType = text.plist.xml; path = Info.plist; sourceTree = "<group>"; };
		8243ABDD1D259F7800FC1EAB /* AGS Gov To PeopleUITests.xctest */ = {isa = PBXFileReference; explicitFileType = wrapper.cfbundle; includeInIndex = 0; path = "AGS Gov To PeopleUITests.xctest"; sourceTree = BUILT_PRODUCTS_DIR; };
		8243ABE11D259F7800FC1EAB /* AGS_Gov_To_PeopleUITests.m */ = {isa = PBXFileReference; lastKnownFileType = sourcecode.c.objc; path = AGS_Gov_To_PeopleUITests.m; sourceTree = "<group>"; };
		8243ABE31D259F7800FC1EAB /* Info.plist */ = {isa = PBXFileReference; lastKnownFileType = text.plist.xml; path = Info.plist; sourceTree = "<group>"; };
/* End PBXFileReference section */

/* Begin PBXFrameworksBuildPhase section */
		8243ABBE1D259F7800FC1EAB /* Frameworks */ = {
			isa = PBXFrameworksBuildPhase;
			buildActionMask = 2147483647;
			files = (
			);
			runOnlyForDeploymentPostprocessing = 0;
		};
		8243ABDA1D259F7800FC1EAB /* Frameworks */ = {
			isa = PBXFrameworksBuildPhase;
			buildActionMask = 2147483647;
			files = (
			);
			runOnlyForDeploymentPostprocessing = 0;
		};
/* End PBXFrameworksBuildPhase section */

/* Begin PBXGroup section */
		8243ABB81D259F7800FC1EAB = {
			isa = PBXGroup;
			children = (
				8243ABC31D259F7800FC1EAB /* AGS Gov To People */,
				8243ABE01D259F7800FC1EAB /* AGS Gov To PeopleUITests */,
				8243ABC21D259F7800FC1EAB /* Products */,
			);
			sourceTree = "<group>";
		};
		8243ABC21D259F7800FC1EAB /* Products */ = {
			isa = PBXGroup;
			children = (
				8243ABC11D259F7800FC1EAB /* AGS Gov To People.app */,
				8243ABDD1D259F7800FC1EAB /* AGS Gov To PeopleUITests.xctest */,
			);
			name = Products;
			sourceTree = "<group>";
		};
		8243ABC31D259F7800FC1EAB /* AGS Gov To People */ = {
			isa = PBXGroup;
			children = (
				8243ABC71D259F7800FC1EAB /* AppDelegate.h */,
				8243ABC81D259F7800FC1EAB /* AppDelegate.m */,
				8243ABCA1D259F7800FC1EAB /* ViewController.h */,
				8243ABCB1D259F7800FC1EAB /* ViewController.m */,
				8243ABCD1D259F7800FC1EAB /* Main.storyboard */,
				8243ABD31D259F7800FC1EAB /* Assets.xcassets */,
				8243ABD51D259F7800FC1EAB /* LaunchScreen.storyboard */,
				8243ABD81D259F7800FC1EAB /* Info.plist */,
				8243ABD01D259F7800FC1EAB /* AGS_Gov_To_People.xcdatamodeld */,
				8243ABC41D259F7800FC1EAB /* Supporting Files */,
			);
			path = "AGS Gov To People";
			sourceTree = "<group>";
		};
		8243ABC41D259F7800FC1EAB /* Supporting Files */ = {
			isa = PBXGroup;
			children = (
				8243ABC51D259F7800FC1EAB /* main.m */,
			);
			name = "Supporting Files";
			sourceTree = "<group>";
		};
		8243ABE01D259F7800FC1EAB /* AGS Gov To PeopleUITests */ = {
			isa = PBXGroup;
			children = (
				8243ABE11D259F7800FC1EAB /* AGS_Gov_To_PeopleUITests.m */,
				8243ABE31D259F7800FC1EAB /* Info.plist */,
			);
			path = "AGS Gov To PeopleUITests";
			sourceTree = "<group>";
		};
/* End PBXGroup section */

/* Begin PBXNativeTarget section */
		8243ABC01D259F7800FC1EAB /* AGS Gov To People */ = {
			isa = PBXNativeTarget;
			buildConfigurationList = 8243ABE61D259F7800FC1EAB /* Build configuration list for PBXNativeTarget "AGS Gov To People" */;
			buildPhases = (
				8243ABBD1D259F7800FC1EAB /* Sources */,
				8243ABBE1D259F7800FC1EAB /* Frameworks */,
				8243ABBF1D259F7800FC1EAB /* Resources */,
			);
			buildRules = (
			);
			dependencies = (
			);
			name = "AGS Gov To People";
			productName = "AGS Gov To People";
			productReference = 8243ABC11D259F7800FC1EAB /* AGS Gov To People.app */;
			productType = "com.apple.product-type.application";
		};
		8243ABDC1D259F7800FC1EAB /* AGS Gov To PeopleUITests */ = {
			isa = PBXNativeTarget;
			buildConfigurationList = 8243ABE91D259F7800FC1EAB /* Build configuration list for PBXNativeTarget "AGS Gov To PeopleUITests" */;
			buildPhases = (
				8243ABD91D259F7800FC1EAB /* Sources */,
				8243ABDA1D259F7800FC1EAB /* Frameworks */,
				8243ABDB1D259F7800FC1EAB /* Resources */,
			);
			buildRules = (
			);
			dependencies = (
				8243ABDF1D259F7800FC1EAB /* PBXTargetDependency */,
			);
			name = "AGS Gov To PeopleUITests";
			productName = "AGS Gov To PeopleUITests";
			productReference = 8243ABDD1D259F7800FC1EAB /* AGS Gov To PeopleUITests.xctest */;
			productType = "com.apple.product-type.bundle.ui-testing";
		};
/* End PBXNativeTarget section */

/* Begin PBXProject section */
		8243ABB91D259F7800FC1EAB /* Project object */ = {
			isa = PBXProject;
			attributes = {
				LastUpgradeCheck = 0720;
				ORGANIZATIONNAME = AGS;
				TargetAttributes = {
					8243ABC01D259F7800FC1EAB = {
						CreatedOnToolsVersion = 7.2;
					};
					8243ABDC1D259F7800FC1EAB = {
						CreatedOnToolsVersion = 7.2;
						TestTargetID = 8243ABC01D259F7800FC1EAB;
					};
				};
			};
			buildConfigurationList = 8243ABBC1D259F7800FC1EAB /* Build configuration list for PBXProject "AGS Gov To People" */;
			compatibilityVersion = "Xcode 3.2";
			developmentRegion = English;
			hasScannedForEncodings = 0;
			knownRegions = (
				en,
				Base,
			);
			mainGroup = 8243ABB81D259F7800FC1EAB;
			productRefGroup = 8243ABC21D259F7800FC1EAB /* Products */;
			projectDirPath = "";
			projectRoot = "";
			targets = (
				8243ABC01D259F7800FC1EAB /* AGS Gov To People */,
				8243ABDC1D259F7800FC1EAB /* AGS Gov To PeopleUITests */,
			);
		};
/* End PBXProject section */

/* Begin PBXResourcesBuildPhase section */
		8243ABBF1D259F7800FC1EAB /* Resources */ = {
			isa = PBXResourcesBuildPhase;
			buildActionMask = 2147483647;
			files = (
				8243ABD71D259F7800FC1EAB /* LaunchScreen.storyboard in Resources */,
				8243ABD41D259F7800FC1EAB /* Assets.xcassets in Resources */,
				8243ABCF1D259F7800FC1EAB /* Main.storyboard in Resources */,
			);
			runOnlyForDeploymentPostprocessing = 0;
		};
		8243ABDB1D259F7800FC1EAB /* Resources */ = {
			isa = PBXResourcesBuildPhase;
			buildActionMask = 2147483647;
			files = (
			);
			runOnlyForDeploymentPostprocessing = 0;
		};
/* End PBXResourcesBuildPhase section */

/* Begin PBXSourcesBuildPhase section */
		8243ABBD1D259F7800FC1EAB /* Sources */ = {
			isa = PBXSourcesBuildPhase;
			buildActionMask = 2147483647;
			files = (
				8243ABCC1D259F7800FC1EAB /* ViewController.m in Sources */,
				8243ABC91D259F7800FC1EAB /* AppDelegate.m in Sources */,
				8243ABD21D259F7800FC1EAB /* AGS_Gov_To_People.xcdatamodeld in Sources */,
				8243ABC61D259F7800FC1EAB /* main.m in Sources */,
			);
			runOnlyForDeploymentPostprocessing = 0;
		};
		8243ABD91D259F7800FC1EAB /* Sources */ = {
			isa = PBXSourcesBuildPhase;
			buildActionMask = 2147483647;
			files = (
				8243ABE21D259F7800FC1EAB /* AGS_Gov_To_PeopleUITests.m in Sources */,
			);
			runOnlyForDeploymentPostprocessing = 0;
		};
/* End PBXSourcesBuildPhase section */

/* Begin PBXTargetDependency section */
		8243ABDF1D259F7800FC1EAB /* PBXTargetDependency */ = {
			isa = PBXTargetDependency;
			target = 8243ABC01D259F7800FC1EAB /* AGS Gov To People */;
			targetProxy = 8243ABDE1D259F7800FC1EAB /* PBXContainerItemProxy */;
		};
/* End PBXTargetDependency section */

/* Begin PBXVariantGroup section */
		8243ABCD1D259F7800FC1EAB /* Main.storyboard */ = {
			isa = PBXVariantGroup;
			children = (
				8243ABCE1D259F7800FC1EAB /* Base */,
			);
			name = Main.storyboard;
			sourceTree = "<group>";
		};
		8243ABD51D259F7800FC1EAB /* LaunchScreen.storyboard */ = {
			isa = PBXVariantGroup;
			children = (
				8243ABD61D259F7800FC1EAB /* Base */,
			);
			name = LaunchScreen.storyboard;
			sourceTree = "<group>";
		};
/* End PBXVariantGroup section */

/* Begin XCBuildConfiguration section */
		8243ABE41D259F7800FC1EAB /* Debug */ = {
			isa = XCBuildConfiguration;
			buildSettings = {
				ALWAYS_SEARCH_USER_PATHS = NO;
				CLANG_CXX_LANGUAGE_STANDARD = "gnu++0x";
				CLANG_CXX_LIBRARY = "libc++";
				CLANG_ENABLE_MODULES = YES;
				CLANG_ENABLE_OBJC_ARC = YES;
				CLANG_WARN_BOOL_CONVERSION = YES;
				CLANG_WARN_CONSTANT_CONVERSION = YES;
				CLANG_WARN_DIRECT_OBJC_ISA_USAGE = YES_ERROR;
				CLANG_WARN_EMPTY_BODY = YES;
				CLANG_WARN_ENUM_CONVERSION = YES;
				CLANG_WARN_INT_CONVERSION = YES;
				CLANG_WARN_OBJC_ROOT_CLASS = YES_ERROR;
				CLANG_WARN_UNREACHABLE_CODE = YES;
				CLANG_WARN__DUPLICATE_METHOD_MATCH = YES;
				"CODE_SIGN_IDENTITY[sdk=iphoneos*]" = "iPhone Developer";
				COPY_PHASE_STRIP = NO;
				DEBUG_INFORMATION_FORMAT = dwarf;
				ENABLE_STRICT_OBJC_MSGSEND = YES;
				ENABLE_TESTABILITY = YES;
				GCC_C_LANGUAGE_STANDARD = gnu99;
				GCC_DYNAMIC_NO_PIC = NO;
				GCC_NO_COMMON_BLOCKS = YES;
				GCC_OPTIMIZATION_LEVEL = 0;
				GCC_PREPROCESSOR_DEFINITIONS = (
					"DEBUG=1",
					"$(inherited)",
				);
				GCC_WARN_64_TO_32_BIT_CONVERSION = YES;
				GCC_WARN_ABOUT_RETURN_TYPE = YES_ERROR;
				GCC_WARN_UNDECLARED_SELECTOR = YES;
				GCC_WARN_UNINITIALIZED_AUTOS = YES_AGGRESSIVE;
				GCC_WARN_UNUSED_FUNCTION = YES;
				GCC_WARN_UNUSED_VARIABLE = YES;
				IPHONEOS_DEPLOYMENT_TARGET = 9.2;
				MTL_ENABLE_DEBUG_INFO = YES;
				ONLY_ACTIVE_ARCH = YES;
				SDKROOT = iphoneos;
			};
			name = Debug;
		};
		8243ABE51D259F7800FC1EAB /* Release */ = {
			isa = XCBuildConfiguration;
			buildSettings = {
				ALWAYS_SEARCH_USER_PATHS = NO;
				CLANG_CXX_LANGUAGE_STANDARD = "gnu++0x";
				CLANG_CXX_LIBRARY = "libc++";
				CLANG_ENABLE_MODULES = YES;
				CLANG_ENABLE_OBJC_ARC = YES;
				CLANG_WARN_BOOL_CONVERSION = YES;
				CLANG_WARN_CONSTANT_CONVERSION = YES;
				CLANG_WARN_DIRECT_OBJC_ISA_USAGE = YES_ERROR;
				CLANG_WARN_EMPTY_BODY = YES;
				CLANG_WARN_ENUM_CONVERSION = YES;
				CLANG_WARN_INT_CONVERSION = YES;
				CLANG_WARN_OBJC_ROOT_CLASS = YES_ERROR;
				CLANG_WARN_UNREACHABLE_CODE = YES;
				CLANG_WARN__DUPLICATE_METHOD_MATCH = YES;
				"CODE_SIGN_IDENTITY[sdk=iphoneos*]" = "iPhone Developer";
				COPY_PHASE_STRIP = NO;
				DEBUG_INFORMATION_FORMAT = "dwarf-with-dsym";
				ENABLE_NS_ASSERTIONS = NO;
				ENABLE_STRICT_OBJC_MSGSEND = YES;
				GCC_C_LANGUAGE_STANDARD = gnu99;
				GCC_NO_COMMON_BLOCKS = YES;
				GCC_WARN_64_TO_32_BIT_CONVERSION = YES;
				GCC_WARN_ABOUT_RETURN_TYPE = YES_ERROR;
				GCC_WARN_UNDECLARED_SELECTOR = YES;
				GCC_WARN_UNINITIALIZED_AUTOS = YES_AGGRESSIVE;
				GCC_WARN_UNUSED_FUNCTION = YES;
				GCC_WARN_UNUSED_VARIABLE = YES;
				IPHONEOS_DEPLOYMENT_TARGET = 9.2;
				MTL_ENABLE_DEBUG_INFO = NO;
				SDKROOT = iphoneos;
				VALIDATE_PRODUCT = YES;
			};
			name = Release;
		};
		8243ABE71D259F7800FC1EAB /* Debug */ = {
			isa = XCBuildConfiguration;
			buildSettings = {
				ASSETCATALOG_COMPILER_APPICON_NAME = AppIcon;
				INFOPLIST_FILE = "AGS Gov To People/Info.plist";
				LD_RUNPATH_SEARCH_PATHS = "$(inherited) @executable_path/Frameworks";
				PRODUCT_BUNDLE_IDENTIFIER = "AGS.AGS-Gov-To-People";
				PRODUCT_NAME = "$(TARGET_NAME)";
			};
			name = Debug;
		};
		8243ABE81D259F7800FC1EAB /* Release */ = {
			isa = XCBuildConfiguration;
			buildSettings = {
				ASSETCATALOG_COMPILER_APPICON_NAME = AppIcon;
				INFOPLIST_FILE = "AGS Gov To People/Info.plist";
				LD_RUNPATH_SEARCH_PATHS = "$(inherited) @executable_path/Frameworks";
				PRODUCT_BUNDLE_IDENTIFIER = "AGS.AGS-Gov-To-People";
				PRODUCT_NAME = "$(TARGET_NAME)";
			};
			name = Release;
		};
		8243ABEA1D259F7800FC1EAB /* Debug */ = {
			isa = XCBuildConfiguration;
			buildSettings = {
				INFOPLIST_FILE = "AGS Gov To PeopleUITests/Info.plist";
				LD_RUNPATH_SEARCH_PATHS = "$(inherited) @executable_path/Frameworks @loader_path/Frameworks";
				PRODUCT_BUNDLE_IDENTIFIER = "AGS.AGS-Gov-To-PeopleUITests";
				PRODUCT_NAME = "$(TARGET_NAME)";
				TEST_TARGET_NAME = "AGS Gov To People";
				USES_XCTRUNNER = YES;
			};
			name = Debug;
		};
		8243ABEB1D259F7800FC1EAB /* Release */ = {
			isa = XCBuildConfiguration;
			buildSettings = {
				INFOPLIST_FILE = "AGS Gov To PeopleUITests/Info.plist";
				LD_RUNPATH_SEARCH_PATHS = "$(inherited) @executable_path/Frameworks @loader_path/Frameworks";
				PRODUCT_BUNDLE_IDENTIFIER = "AGS.AGS-Gov-To-PeopleUITests";
				PRODUCT_NAME = "$(TARGET_NAME)";
				TEST_TARGET_NAME = "AGS Gov To People";
				USES_XCTRUNNER = YES;
			};
			name = Release;
		};
/* End XCBuildConfiguration section */

/* Begin XCConfigurationList section */
		8243ABBC1D259F7800FC1EAB /* Build configuration list for PBXProject "AGS Gov To People" */ = {
			isa = XCConfigurationList;
			buildConfigurations = (
				8243ABE41D259F7800FC1EAB /* Debug */,
				8243ABE51D259F7800FC1EAB /* Release */,
			);
			defaultConfigurationIsVisible = 0;
			defaultConfigurationName = Release;
		};
		8243ABE61D259F7800FC1EAB /* Build configuration list for PBXNativeTarget "AGS Gov To People" */ = {
			isa = XCConfigurationList;
			buildConfigurations = (
				8243ABE71D259F7800FC1EAB /* Debug */,
				8243ABE81D259F7800FC1EAB /* Release */,
			);
			defaultConfigurationIsVisible = 0;
		};
		8243ABE91D259F7800FC1EAB /* Build configuration list for PBXNativeTarget "AGS Gov To PeopleUITests" */ = {
			isa = XCConfigurationList;
			buildConfigurations = (
				8243ABEA1D259F7800FC1EAB /* Debug */,
				8243ABEB1D259F7800FC1EAB /* Release */,
			);
			defaultConfigurationIsVisible = 0;
		};
/* End XCConfigurationList section */

/* Begin XCVersionGroup section */
		8243ABD01D259F7800FC1EAB /* AGS_Gov_To_People.xcdatamodeld */ = {
			isa = XCVersionGroup;
			children = (
				8243ABD11D259F7800FC1EAB /* AGS_Gov_To_People.xcdatamodel */,
			);
			currentVersion = 8243ABD11D259F7800FC1EAB /* AGS_Gov_To_People.xcdatamodel */;
			path = AGS_Gov_To_People.xcdatamodeld;
			sourceTree = "<group>";
			versionGroupType = wrapper.xcdatamodel;
		};
/* End XCVersionGroup section */
	};
	rootObject = 8243ABB91D259F7800FC1EAB /* Project object */;
}
